
Microsoft Visual Studio Solution File, Format Version 12.00
# Visual Studio 2013
VisualStudioVersion = 12.0.21005.1
MinimumVisualStudioVersion = 10.0.40219.1
Project("{8BC9CEB8-8B4A-11D0-8D11-00A0C91BC942}") = "SampleDLL", "SampleDLL\SampleDLL.vcxproj", "{BF77FD3E-EAA7-42E6-A502-0A4D22246F55}"
EndProject
Global
	GlobalSection(SolutionConfigurationPlatforms) = preSolution
		Debug|Win32 = Debug|Win32
		Release|Win32 = Release|Win32
	EndGlobalSection
	GlobalSection(ProjectConfigurationPlatforms) = postSolution
		{BF77FD3E-EAA7-42E6-A502-0A4D22246F55}.Debug|Win32.ActiveCfg = Debug|Win32
		{BF77FD3E-EAA7-42E6-A502-0A4D22246F55}.Debug|Win32.Build.0 = Debug|Win32
		{BF77FD3E-EAA7-42E6-A502-0A4D22246F55}.Release|Win32.ActiveCfg = Release|Win32
		{BF77FD3E-EAA7-42E6-A502-0A4D22246F55}.Release|Win32.Build.0 = Release|Win32
	EndGlobalSection
	GlobalSection(SolutionProperties) = preSolution
		HideSolutionNode = FALSE
	EndGlobalSection
EndGlobal
